
Microsoft Visual Studio Solution File, Format Version 12.00
# Visual Studio Version 16
VisualStudioVersion = 16.0.31605.320
MinimumVisualStudioVersion = 10.0.40219.1
Project("{FAE04EC0-301F-11D3-BF4B-00C04F79EFBC}") = "CodeEventsDomain.Classes", "CodeEventsDomain.Classes\CodeEventsDomain.Classes.csproj", "{EC13AB40-2C61-45BD-8213-D0208D94795A}"
EndProject
Project("{FAE04EC0-301F-11D3-BF4B-00C04F79EFBC}") = "CodeEventsDomain.DataModel", "CodeEventsDomain.DataModel\CodeEventsDomain.DataModel.csproj", "{E4B7F3A6-F7D4-46BC-B3FF-56779A3657AE}"
EndProject
Global
	GlobalSection(SolutionConfigurationPlatforms) = preSolution
		Debug|Any CPU = Debug|Any CPU
		Release|Any CPU = Release|Any CPU
	EndGlobalSection
	GlobalSection(ProjectConfigurationPlatforms) = postSolution
		{EC13AB40-2C61-45BD-8213-D0208D94795A}.Debug|Any CPU.ActiveCfg = Debug|Any CPU
		{EC13AB40-2C61-45BD-8213-D0208D94795A}.Debug|Any CPU.Build.0 = Debug|Any CPU
		{EC13AB40-2C61-45BD-8213-D0208D94795A}.Release|Any CPU.ActiveCfg = Release|Any CPU
		{EC13AB40-2C61-45BD-8213-D0208D94795A}.Release|Any CPU.Build.0 = Release|Any CPU
		{E4B7F3A6-F7D4-46BC-B3FF-56779A3657AE}.Debug|Any CPU.ActiveCfg = Debug|Any CPU
		{E4B7F3A6-F7D4-46BC-B3FF-56779A3657AE}.Debug|Any CPU.Build.0 = Debug|Any CPU
		{E4B7F3A6-F7D4-46BC-B3FF-56779A3657AE}.Release|Any CPU.ActiveCfg = Release|Any CPU
		{E4B7F3A6-F7D4-46BC-B3FF-56779A3657AE}.Release|Any CPU.Build.0 = Release|Any CPU
	EndGlobalSection
	GlobalSection(SolutionProperties) = preSolution
		HideSolutionNode = FALSE
	EndGlobalSection
	GlobalSection(ExtensibilityGlobals) = postSolution
		SolutionGuid = {758615E2-C915-468C-A2C1-B36A634FD4F3}
	EndGlobalSection
EndGlobal
